
Microsoft Visual Studio Solution File, Format Version 12.00
# Visual Studio Version 16
VisualStudioVersion = 16.0.810.2
MinimumVisualStudioVersion = 10.0.40219.1
Project("{FAE04EC0-301F-11D3-BF4B-00C04F79EFBC}") = "ChallengeIfStatements", "ChallengeIfStatements\ChallengeIfStatements.csproj", "{4ED8568A-4867-4CB7-BFF2-B61F669D723E}"
EndProject
Global
	GlobalSection(SolutionConfigurationPlatforms) = preSolution
		Debug|Any CPU = Debug|Any CPU
		Release|Any CPU = Release|Any CPU
	EndGlobalSection
	GlobalSection(ProjectConfigurationPlatforms) = postSolution
		{4ED8568A-4867-4CB7-BFF2-B61F669D723E}.Debug|Any CPU.ActiveCfg = Debug|Any CPU
		{4ED8568A-4867-4CB7-BFF2-B61F669D723E}.Debug|Any CPU.Build.0 = Debug|Any CPU
		{4ED8568A-4867-4CB7-BFF2-B61F669D723E}.Release|Any CPU.ActiveCfg = Release|Any CPU
		{4ED8568A-4867-4CB7-BFF2-B61F669D723E}.Release|Any CPU.Build.0 = Release|Any CPU
	EndGlobalSection
	GlobalSection(SolutionProperties) = preSolution
		HideSolutionNode = FALSE
	EndGlobalSection
	GlobalSection(ExtensibilityGlobals) = postSolution
		SolutionGuid = {B3CC2D75-7053-4BFF-A11A-07A82488CD78}
	EndGlobalSection
EndGlobal
